// !$*UTF8*$!
{
	archiveVersion = 1;
	classes = {
	};
	objectVersion = 46;
	objects = {

/* Begin PBXBuildFile section */
		CF14CFCC18FC3E7A00936E83 /* Foundation.framework in Frameworks */ = {isa = PBXBuildFile; fileRef = CF14CFCB18FC3E7A00936E83 /* Foundation.framework */; };
		CF14CFCE18FC3E7A00936E83 /* CoreGraphics.framework in Frameworks */ = {isa = PBXBuildFile; fileRef = CF14CFCD18FC3E7A00936E83 /* CoreGraphics.framework */; };
		CF14CFD018FC3E7A00936E83 /* UIKit.framework in Frameworks */ = {isa = PBXBuildFile; fileRef = CF14CFCF18FC3E7A00936E83 /* UIKit.framework */; };
		CF14CFD618FC3E7A00936E83 /* InfoPlist.strings in Resources */ = {isa = PBXBuildFile; fileRef = CF14CFD418FC3E7A00936E83 /* InfoPlist.strings */; };
		CF14CFD818FC3E7A00936E83 /* main.m in Sources */ = {isa = PBXBuildFile; fileRef = CF14CFD718FC3E7A00936E83 /* main.m */; };
		CF14CFDC18FC3E7A00936E83 /* AppDelegate.m in Sources */ = {isa = PBXBuildFile; fileRef = CF14CFDB18FC3E7A00936E83 /* AppDelegate.m */; };
		CF14CFDE18FC3E7A00936E83 /* Images.xcassets in Resources */ = {isa = PBXBuildFile; fileRef = CF14CFDD18FC3E7A00936E83 /* Images.xcassets */; };
		CF14CFE518FC3E7A00936E83 /* XCTest.framework in Frameworks */ = {isa = PBXBuildFile; fileRef = CF14CFE418FC3E7A00936E83 /* XCTest.framework */; };
		CF14CFE618FC3E7A00936E83 /* Foundation.framework in Frameworks */ = {isa = PBXBuildFile; fileRef = CF14CFCB18FC3E7A00936E83 /* Foundation.framework */; };
		CF14CFE718FC3E7A00936E83 /* UIKit.framework in Frameworks */ = {isa = PBXBuildFile; fileRef = CF14CFCF18FC3E7A00936E83 /* UIKit.framework */; };
		CF14CFEF18FC3E7A00936E83 /* InfoPlist.strings in Resources */ = {isa = PBXBuildFile; fileRef = CF14CFED18FC3E7A00936E83 /* InfoPlist.strings */; };
		CF14CFF118FC3E7A00936E83 /* testIntegrationTests.m in Sources */ = {isa = PBXBuildFile; fileRef = CF14CFF018FC3E7A00936E83 /* testIntegrationTests.m */; };
/* End PBXBuildFile section */

/* Begin PBXContainerItemProxy section */
		CF14CFE818FC3E7A00936E83 /* PBXContainerItemProxy */ = {
			isa = PBXContainerItemProxy;
			containerPortal = CF14CFC018FC3E7A00936E83 /* Project object */;
			proxyType = 1;
			remoteGlobalIDString = CF14CFC718FC3E7A00936E83;
			remoteInfo = testIntegration;
		};
/* End PBXContainerItemProxy section */

/* Begin PBXFileReference section */
		CF14CFC818FC3E7A00936E83 /* testIntegration.app */ = {isa = PBXFileReference; explicitFileType = wrapper.application; includeInIndex = 0; path = testIntegration.app; sourceTree = BUILT_PRODUCTS_DIR; };
		CF14CFCB18FC3E7A00936E83 /* Foundation.framework */ = {isa = PBXFileReference; lastKnownFileType = wrapper.framework; name = Foundation.framework; path = System/Library/Frameworks/Foundation.framework; sourceTree = SDKROOT; };
		CF14CFCD18FC3E7A00936E83 /* CoreGraphics.framework */ = {isa = PBXFileReference; lastKnownFileType = wrapper.framework; name = CoreGraphics.framework; path = System/Library/Frameworks/CoreGraphics.framework; sourceTree = SDKROOT; };
		CF14CFCF18FC3E7A00936E83 /* UIKit.framework */ = {isa = PBXFileReference; lastKnownFileType = wrapper.framework; name = UIKit.framework; path = System/Library/Frameworks/UIKit.framework; sourceTree = SDKROOT; };
		CF14CFD318FC3E7A00936E83 /* testIntegration-Info.plist */ = {isa = PBXFileReference; lastKnownFileType = text.plist.xml; path = "testIntegration-Info.plist"; sourceTree = "<group>"; };
		CF14CFD518FC3E7A00936E83 /* en */ = {isa = PBXFileReference; lastKnownFileType = text.plist.strings; name = en; path = en.lproj/InfoPlist.strings; sourceTree = "<group>"; };
		CF14CFD718FC3E7A00936E83 /* main.m */ = {isa = PBXFileReference; lastKnownFileType = sourcecode.c.objc; path = main.m; sourceTree = "<group>"; };
		CF14CFD918FC3E7A00936E83 /* testIntegration-Prefix.pch */ = {isa = PBXFileReference; lastKnownFileType = sourcecode.c.h; path = "testIntegration-Prefix.pch"; sourceTree = "<group>"; };
		CF14CFDA18FC3E7A00936E83 /* AppDelegate.h */ = {isa = PBXFileReference; lastKnownFileType = sourcecode.c.h; path = AppDelegate.h; sourceTree = "<group>"; };
		CF14CFDB18FC3E7A00936E83 /* AppDelegate.m */ = {isa = PBXFileReference; lastKnownFileType = sourcecode.c.objc; path = AppDelegate.m; sourceTree = "<group>"; };
		CF14CFDD18FC3E7A00936E83 /* Images.xcassets */ = {isa = PBXFileReference; lastKnownFileType = folder.assetcatalog; path = Images.xcassets; sourceTree = "<group>"; };
		CF14CFE318FC3E7A00936E83 /* testIntegrationTests.xctest */ = {isa = PBXFileReference; explicitFileType = wrapper.cfbundle; includeInIndex = 0; path = testIntegrationTests.xctest; sourceTree = BUILT_PRODUCTS_DIR; };
		CF14CFE418FC3E7A00936E83 /* XCTest.framework */ = {isa = PBXFileReference; lastKnownFileType = wrapper.framework; name = XCTest.framework; path = Library/Frameworks/XCTest.framework; sourceTree = DEVELOPER_DIR; };
		CF14CFEC18FC3E7A00936E83 /* testIntegrationTests-Info.plist */ = {isa = PBXFileReference; lastKnownFileType = text.plist.xml; path = "testIntegrationTests-Info.plist"; sourceTree = "<group>"; };
		CF14CFEE18FC3E7A00936E83 /* en */ = {isa = PBXFileReference; lastKnownFileType = text.plist.strings; name = en; path = en.lproj/InfoPlist.strings; sourceTree = "<group>"; };
		CF14CFF018FC3E7A00936E83 /* testIntegrationTests.m */ = {isa = PBXFileReference; lastKnownFileType = sourcecode.c.objc; path = testIntegrationTests.m; sourceTree = "<group>"; };
/* End PBXFileReference section */

/* Begin PBXFrameworksBuildPhase section */
		CF14CFC518FC3E7A00936E83 /* Frameworks */ = {
			isa = PBXFrameworksBuildPhase;
			buildActionMask = 2147483647;
			files = (
				CF14CFCE18FC3E7A00936E83 /* CoreGraphics.framework in Frameworks */,
				CF14CFD018FC3E7A00936E83 /* UIKit.framework in Frameworks */,
				CF14CFCC18FC3E7A00936E83 /* Foundation.framework in Frameworks */,
			);
			runOnlyForDeploymentPostprocessing = 0;
		};
		CF14CFE018FC3E7A00936E83 /* Frameworks */ = {
			isa = PBXFrameworksBuildPhase;
			buildActionMask = 2147483647;
			files = (
				CF14CFE518FC3E7A00936E83 /* XCTest.framework in Frameworks */,
				CF14CFE718FC3E7A00936E83 /* UIKit.framework in Frameworks */,
				CF14CFE618FC3E7A00936E83 /* Foundation.framework in Frameworks */,
			);
			runOnlyForDeploymentPostprocessing = 0;
		};
/* End PBXFrameworksBuildPhase section */

/* Begin PBXGroup section */
		CF14CFBF18FC3E7A00936E83 = {
			isa = PBXGroup;
			children = (
				CF14CFD118FC3E7A00936E83 /* testIntegration */,
				CF14CFEA18FC3E7A00936E83 /* testIntegrationTests */,
				CF14CFCA18FC3E7A00936E83 /* Frameworks */,
				CF14CFC918FC3E7A00936E83 /* Products */,
			);
			sourceTree = "<group>";
		};
		CF14CFC918FC3E7A00936E83 /* Products */ = {
			isa = PBXGroup;
			children = (
				CF14CFC818FC3E7A00936E83 /* testIntegration.app */,
				CF14CFE318FC3E7A00936E83 /* testIntegrationTests.xctest */,
			);
			name = Products;
			sourceTree = "<group>";
		};
		CF14CFCA18FC3E7A00936E83 /* Frameworks */ = {
			isa = PBXGroup;
			children = (
				CF14CFCB18FC3E7A00936E83 /* Foundation.framework */,
				CF14CFCD18FC3E7A00936E83 /* CoreGraphics.framework */,
				CF14CFCF18FC3E7A00936E83 /* UIKit.framework */,
				CF14CFE418FC3E7A00936E83 /* XCTest.framework */,
			);
			name = Frameworks;
			sourceTree = "<group>";
		};
		CF14CFD118FC3E7A00936E83 /* testIntegration */ = {
			isa = PBXGroup;
			children = (
				CF14CFDA18FC3E7A00936E83 /* AppDelegate.h */,
				CF14CFDB18FC3E7A00936E83 /* AppDelegate.m */,
				CF14CFDD18FC3E7A00936E83 /* Images.xcassets */,
				CF14CFD218FC3E7A00936E83 /* Supporting Files */,
			);
			path = testIntegration;
			sourceTree = "<group>";
		};
		CF14CFD218FC3E7A00936E83 /* Supporting Files */ = {
			isa = PBXGroup;
			children = (
				CF14CFD318FC3E7A00936E83 /* testIntegration-Info.plist */,
				CF14CFD418FC3E7A00936E83 /* InfoPlist.strings */,
				CF14CFD718FC3E7A00936E83 /* main.m */,
				CF14CFD918FC3E7A00936E83 /* testIntegration-Prefix.pch */,
			);
			name = "Supporting Files";
			sourceTree = "<group>";
		};
		CF14CFEA18FC3E7A00936E83 /* testIntegrationTests */ = {
			isa = PBXGroup;
			children = (
				CF14CFF018FC3E7A00936E83 /* testIntegrationTests.m */,
				CF14CFEB18FC3E7A00936E83 /* Supporting Files */,
			);
			path = testIntegrationTests;
			sourceTree = "<group>";
		};
		CF14CFEB18FC3E7A00936E83 /* Supporting Files */ = {
			isa = PBXGroup;
			children = (
				CF14CFEC18FC3E7A00936E83 /* testIntegrationTests-Info.plist */,
				CF14CFED18FC3E7A00936E83 /* InfoPlist.strings */,
			);
			name = "Supporting Files";
			sourceTree = "<group>";
		};
/* End PBXGroup section */

/* Begin PBXNativeTarget section */
		CF14CFC718FC3E7A00936E83 /* testIntegration */ = {
			isa = PBXNativeTarget;
			buildConfigurationList = CF14CFF418FC3E7A00936E83 /* Build configuration list for PBXNativeTarget "testIntegration" */;
			buildPhases = (
				CF14CFC418FC3E7A00936E83 /* Sources */,
				CF14CFC518FC3E7A00936E83 /* Frameworks */,
				CF14CFC618FC3E7A00936E83 /* Resources */,
			);
			buildRules = (
			);
			dependencies = (
			);
			name = testIntegration;
			productName = testIntegration;
			productReference = CF14CFC818FC3E7A00936E83 /* testIntegration.app */;
			productType = "com.apple.product-type.application";
		};
		CF14CFE218FC3E7A00936E83 /* testIntegrationTests */ = {
			isa = PBXNativeTarget;
			buildConfigurationList = CF14CFF718FC3E7A00936E83 /* Build configuration list for PBXNativeTarget "testIntegrationTests" */;
			buildPhases = (
				CF14CFDF18FC3E7A00936E83 /* Sources */,
				CF14CFE018FC3E7A00936E83 /* Frameworks */,
				CF14CFE118FC3E7A00936E83 /* Resources */,
			);
			buildRules = (
			);
			dependencies = (
				CF14CFE918FC3E7A00936E83 /* PBXTargetDependency */,
			);
			name = testIntegrationTests;
			productName = testIntegrationTests;
			productReference = CF14CFE318FC3E7A00936E83 /* testIntegrationTests.xctest */;
			productType = "com.apple.product-type.bundle.unit-test";
		};
/* End PBXNativeTarget section */

/* Begin PBXProject section */
		CF14CFC018FC3E7A00936E83 /* Project object */ = {
			isa = PBXProject;
			attributes = {
				LastUpgradeCheck = 0510;
				ORGANIZATIONNAME = Surikate;
				TargetAttributes = {
					CF14CFE218FC3E7A00936E83 = {
						TestTargetID = CF14CFC718FC3E7A00936E83;
					};
				};
			};
			buildConfigurationList = CF14CFC318FC3E7A00936E83 /* Build configuration list for PBXProject "testIntegration" */;
			compatibilityVersion = "Xcode 3.2";
			developmentRegion = English;
			hasScannedForEncodings = 0;
			knownRegions = (
				en,
			);
			mainGroup = CF14CFBF18FC3E7A00936E83;
			productRefGroup = CF14CFC918FC3E7A00936E83 /* Products */;
			projectDirPath = "";
			projectRoot = "";
			targets = (
				CF14CFC718FC3E7A00936E83 /* testIntegration */,
				CF14CFE218FC3E7A00936E83 /* testIntegrationTests */,
			);
		};
/* End PBXProject section */

/* Begin PBXResourcesBuildPhase section */
		CF14CFC618FC3E7A00936E83 /* Resources */ = {
			isa = PBXResourcesBuildPhase;
			buildActionMask = 2147483647;
			files = (
				CF14CFD618FC3E7A00936E83 /* InfoPlist.strings in Resources */,
				CF14CFDE18FC3E7A00936E83 /* Images.xcassets in Resources */,
			);
			runOnlyForDeploymentPostprocessing = 0;
		};
		CF14CFE118FC3E7A00936E83 /* Resources */ = {
			isa = PBXResourcesBuildPhase;
			buildActionMask = 2147483647;
			files = (
				CF14CFEF18FC3E7A00936E83 /* InfoPlist.strings in Resources */,
			);
			runOnlyForDeploymentPostprocessing = 0;
		};
/* End PBXResourcesBuildPhase section */

/* Begin PBXSourcesBuildPhase section */
		CF14CFC418FC3E7A00936E83 /* Sources */ = {
			isa = PBXSourcesBuildPhase;
			buildActionMask = 2147483647;
			files = (
				CF14CFDC18FC3E7A00936E83 /* AppDelegate.m in Sources */,
				CF14CFD818FC3E7A00936E83 /* main.m in Sources */,
			);
			runOnlyForDeploymentPostprocessing = 0;
		};
		CF14CFDF18FC3E7A00936E83 /* Sources */ = {
			isa = PBXSourcesBuildPhase;
			buildActionMask = 2147483647;
			files = (
				CF14CFF118FC3E7A00936E83 /* testIntegrationTests.m in Sources */,
			);
			runOnlyForDeploymentPostprocessing = 0;
		};
/* End PBXSourcesBuildPhase section */

/* Begin PBXTargetDependency section */
		CF14CFE918FC3E7A00936E83 /* PBXTargetDependency */ = {
			isa = PBXTargetDependency;
			target = CF14CFC718FC3E7A00936E83 /* testIntegration */;
			targetProxy = CF14CFE818FC3E7A00936E83 /* PBXContainerItemProxy */;
		};
/* End PBXTargetDependency section */

/* Begin PBXVariantGroup section */
		CF14CFD418FC3E7A00936E83 /* InfoPlist.strings */ = {
			isa = PBXVariantGroup;
			children = (
				CF14CFD518FC3E7A00936E83 /* en */,
			);
			name = InfoPlist.strings;
			sourceTree = "<group>";
		};
		CF14CFED18FC3E7A00936E83 /* InfoPlist.strings */ = {
			isa = PBXVariantGroup;
			children = (
				CF14CFEE18FC3E7A00936E83 /* en */,
			);
			name = InfoPlist.strings;
			sourceTree = "<group>";
		};
/* End PBXVariantGroup section */

/* Begin XCBuildConfiguration section */
		CF14CFF218FC3E7A00936E83 /* Debug */ = {
			isa = XCBuildConfiguration;
			buildSettings = {
				ALWAYS_SEARCH_USER_PATHS = NO;
				CLANG_CXX_LANGUAGE_STANDARD = "gnu++0x";
				CLANG_CXX_LIBRARY = "libc++";
				CLANG_ENABLE_MODULES = YES;
				CLANG_ENABLE_OBJC_ARC = YES;
				CLANG_WARN_BOOL_CONVERSION = YES;
				CLANG_WARN_CONSTANT_CONVERSION = YES;
				CLANG_WARN_DIRECT_OBJC_ISA_USAGE = YES_ERROR;
				CLANG_WARN_EMPTY_BODY = YES;
				CLANG_WARN_ENUM_CONVERSION = YES;
				CLANG_WARN_INT_CONVERSION = YES;
				CLANG_WARN_OBJC_ROOT_CLASS = YES_ERROR;
				CLANG_WARN__DUPLICATE_METHOD_MATCH = YES;
				"CODE_SIGN_IDENTITY[sdk=iphoneos*]" = "iPhone Developer";
				COPY_PHASE_STRIP = NO;
				GCC_C_LANGUAGE_STANDARD = gnu99;
				GCC_DYNAMIC_NO_PIC = NO;
				GCC_OPTIMIZATION_LEVEL = 0;
				GCC_PREPROCESSOR_DEFINITIONS = (
					"DEBUG=1",
					"$(inherited)",
				);
				GCC_SYMBOLS_PRIVATE_EXTERN = NO;
				GCC_WARN_64_TO_32_BIT_CONVERSION = YES;
				GCC_WARN_ABOUT_RETURN_TYPE = YES_ERROR;
				GCC_WARN_UNDECLARED_SELECTOR = YES;
				GCC_WARN_UNINITIALIZED_AUTOS = YES_AGGRESSIVE;
				GCC_WARN_UNUSED_FUNCTION = YES;
				GCC_WARN_UNUSED_VARIABLE = YES;
				IPHONEOS_DEPLOYMENT_TARGET = 7.1;
				ONLY_ACTIVE_ARCH = YES;
				SDKROOT = iphoneos;
				TARGETED_DEVICE_FAMILY = "1,2";
			};
			name = Debug;
		};
		CF14CFF318FC3E7A00936E83 /* Release */ = {
			isa = XCBuildConfiguration;
			buildSettings = {
				ALWAYS_SEARCH_USER_PATHS = NO;
				CLANG_CXX_LANGUAGE_STANDARD = "gnu++0x";
				CLANG_CXX_LIBRARY = "libc++";
				CLANG_ENABLE_MODULES = YES;
				CLANG_ENABLE_OBJC_ARC = YES;
				CLANG_WARN_BOOL_CONVERSION = YES;
				CLANG_WARN_CONSTANT_CONVERSION = YES;
				CLANG_WARN_DIRECT_OBJC_ISA_USAGE = YES_ERROR;
				CLANG_WARN_EMPTY_BODY = YES;
				CLANG_WARN_ENUM_CONVERSION = YES;
				CLANG_WARN_INT_CONVERSION = YES;
				CLANG_WARN_OBJC_ROOT_CLASS = YES_ERROR;
				CLANG_WARN__DUPLICATE_METHOD_MATCH = YES;
				"CODE_SIGN_IDENTITY[sdk=iphoneos*]" = "iPhone Developer";
				COPY_PHASE_STRIP = YES;
				ENABLE_NS_ASSERTIONS = NO;
				GCC_C_LANGUAGE_STANDARD = gnu99;
				GCC_WARN_64_TO_32_BIT_CONVERSION = YES;
				GCC_WARN_ABOUT_RETURN_TYPE = YES_ERROR;
				GCC_WARN_UNDECLARED_SELECTOR = YES;
				GCC_WARN_UNINITIALIZED_AUTOS = YES_AGGRESSIVE;
				GCC_WARN_UNUSED_FUNCTION = YES;
				GCC_WARN_UNUSED_VARIABLE = YES;
				IPHONEOS_DEPLOYMENT_TARGET = 7.1;
				SDKROOT = iphoneos;
				TARGETED_DEVICE_FAMILY = "1,2";
				VALIDATE_PRODUCT = YES;
			};
			name = Release;
		};
		CF14CFF518FC3E7A00936E83 /* Debug */ = {
			isa = XCBuildConfiguration;
			buildSettings = {
				ASSETCATALOG_COMPILER_APPICON_NAME = AppIcon;
				ASSETCATALOG_COMPILER_LAUNCHIMAGE_NAME = LaunchImage;
				GCC_PRECOMPILE_PREFIX_HEADER = YES;
				GCC_PREFIX_HEADER = "testIntegration/testIntegration-Prefix.pch";
				INFOPLIST_FILE = "testIntegration/testIntegration-Info.plist";
				PRODUCT_NAME = "$(TARGET_NAME)";
				WRAPPER_EXTENSION = app;
			};
			name = Debug;
		};
		CF14CFF618FC3E7A00936E83 /* Release */ = {
			isa = XCBuildConfiguration;
			buildSettings = {
				ASSETCATALOG_COMPILER_APPICON_NAME = AppIcon;
				ASSETCATALOG_COMPILER_LAUNCHIMAGE_NAME = LaunchImage;
				GCC_PRECOMPILE_PREFIX_HEADER = YES;
				GCC_PREFIX_HEADER = "testIntegration/testIntegration-Prefix.pch";
				INFOPLIST_FILE = "testIntegration/testIntegration-Info.plist";
				PRODUCT_NAME = "$(TARGET_NAME)";
				WRAPPER_EXTENSION = app;
			};
			name = Release;
		};
		CF14CFF818FC3E7A00936E83 /* Debug */ = {
			isa = XCBuildConfiguration;
			buildSettings = {
				BUNDLE_LOADER = "$(BUILT_PRODUCTS_DIR)/testIntegration.app/testIntegration";
				FRAMEWORK_SEARCH_PATHS = (
					"$(SDKROOT)/Developer/Library/Frameworks",
					"$(inherited)",
					"$(DEVELOPER_FRAMEWORKS_DIR)",
				);
				GCC_PRECOMPILE_PREFIX_HEADER = YES;
				GCC_PREFIX_HEADER = "testIntegration/testIntegration-Prefix.pch";
				GCC_PREPROCESSOR_DEFINITIONS = (
					"DEBUG=1",
					"$(inherited)",
				);
				INFOPLIST_FILE = "testIntegrationTests/testIntegrationTests-Info.plist";
				PRODUCT_NAME = "$(TARGET_NAME)";
				TEST_HOST = "$(BUNDLE_LOADER)";
				WRAPPER_EXTENSION = xctest;
			};
			name = Debug;
		};
		CF14CFF918FC3E7A00936E83 /* Release */ = {
			isa = XCBuildConfiguration;
			buildSettings = {
				BUNDLE_LOADER = "$(BUILT_PRODUCTS_DIR)/testIntegration.app/testIntegration";
				FRAMEWORK_SEARCH_PATHS = (
					"$(SDKROOT)/Developer/Library/Frameworks",
					"$(inherited)",
					"$(DEVELOPER_FRAMEWORKS_DIR)",
				);
				GCC_PRECOMPILE_PREFIX_HEADER = YES;
				GCC_PREFIX_HEADER = "testIntegration/testIntegration-Prefix.pch";
				INFOPLIST_FILE = "testIntegrationTests/testIntegrationTests-Info.plist";
				PRODUCT_NAME = "$(TARGET_NAME)";
				TEST_HOST = "$(BUNDLE_LOADER)";
				WRAPPER_EXTENSION = xctest;
			};
			name = Release;
		};
/* End XCBuildConfiguration section */

/* Begin XCConfigurationList section */
		CF14CFC318FC3E7A00936E83 /* Build configuration list for PBXProject "testIntegration" */ = {
			isa = XCConfigurationList;
			buildConfigurations = (
				CF14CFF218FC3E7A00936E83 /* Debug */,
				CF14CFF318FC3E7A00936E83 /* Release */,
			);
			defaultConfigurationIsVisible = 0;
			defaultConfigurationName = Release;
		};
		CF14CFF418FC3E7A00936E83 /* Build configuration list for PBXNativeTarget "testIntegration" */ = {
			isa = XCConfigurationList;
			buildConfigurations = (
				CF14CFF518FC3E7A00936E83 /* Debug */,
				CF14CFF618FC3E7A00936E83 /* Release */,
			);
			defaultConfigurationIsVisible = 0;
		};
		CF14CFF718FC3E7A00936E83 /* Build configuration list for PBXNativeTarget "testIntegrationTests" */ = {
			isa = XCConfigurationList;
			buildConfigurations = (
				CF14CFF818FC3E7A00936E83 /* Debug */,
				CF14CFF918FC3E7A00936E83 /* Release */,
			);
			defaultConfigurationIsVisible = 0;
		};
/* End XCConfigurationList section */
	};
	rootObject = CF14CFC018FC3E7A00936E83 /* Project object */;
}
